
Microsoft Visual Studio Solution File, Format Version 12.00
# Visual Studio 15
VisualStudioVersion = 15.0.27130.2020
MinimumVisualStudioVersion = 10.0.40219.1
Project("{FAE04EC0-301F-11D3-BF4B-00C04F79EFBC}") = "UniversityExample", "UniversityExample\UniversityExample.csproj", "{24829E6F-ACA4-4BEC-B03A-DF69BB1A765D}"
EndProject
Global
	GlobalSection(SolutionConfigurationPlatforms) = preSolution
		Debug|Any CPU = Debug|Any CPU
		Release|Any CPU = Release|Any CPU
	EndGlobalSection
	GlobalSection(ProjectConfigurationPlatforms) = postSolution
		{24829E6F-ACA4-4BEC-B03A-DF69BB1A765D}.Debug|Any CPU.ActiveCfg = Debug|Any CPU
		{24829E6F-ACA4-4BEC-B03A-DF69BB1A765D}.Debug|Any CPU.Build.0 = Debug|Any CPU
		{24829E6F-ACA4-4BEC-B03A-DF69BB1A765D}.Release|Any CPU.ActiveCfg = Release|Any CPU
		{24829E6F-ACA4-4BEC-B03A-DF69BB1A765D}.Release|Any CPU.Build.0 = Release|Any CPU
	EndGlobalSection
	GlobalSection(SolutionProperties) = preSolution
		HideSolutionNode = FALSE
	EndGlobalSection
	GlobalSection(ExtensibilityGlobals) = postSolution
		SolutionGuid = {063A86BB-EB62-45EC-B404-7C7A9CB5F2B4}
	EndGlobalSection
EndGlobal
